
Microsoft Visual Studio Solution File, Format Version 12.00
# Visual Studio 14
VisualStudioVersion = 14.0.22310.1
MinimumVisualStudioVersion = 10.0.40219.1
Project("{FAE04EC0-301F-11D3-BF4B-00C04F79EFBC}") = "3 - Ntakashi.LSP", "Ntakashi.LSP\3 - Ntakashi.LSP.csproj", "{B7BD49A2-FE3C-4F50-9188-07E55DCD56CB}"
EndProject
Project("{FAE04EC0-301F-11D3-BF4B-00C04F79EFBC}") = "1 - Ntakashi.SRP", "Ntakashi.SRP\1 - Ntakashi.SRP.csproj", "{F82E7B00-C75E-4E2A-AC17-6F1B4A547F25}"
EndProject
Project("{FAE04EC0-301F-11D3-BF4B-00C04F79EFBC}") = "2 - Ntakashi.OCP", "Ntakashi.OCP\2 - Ntakashi.OCP.csproj", "{4D6D7934-A3CD-4A5E-99EC-F6278FCC64B2}"
EndProject
Project("{FAE04EC0-301F-11D3-BF4B-00C04F79EFBC}") = "4 - Ntakashi.ISP", "Ntakashi.ISP\4 - Ntakashi.ISP.csproj", "{9529E81E-D519-49F6-98E8-660B7D119E1C}"
EndProject
Project("{FAE04EC0-301F-11D3-BF4B-00C04F79EFBC}") = "5 - Ntakashi.DIP", "Ntakashi.DIP\5 - Ntakashi.DIP.csproj", "{49B0933F-3C75-4906-BAF9-BB610C711D0A}"
EndProject
Global
	GlobalSection(SolutionConfigurationPlatforms) = preSolution
		Debug|Any CPU = Debug|Any CPU
		Release|Any CPU = Release|Any CPU
	EndGlobalSection
	GlobalSection(ProjectConfigurationPlatforms) = postSolution
		{B7BD49A2-FE3C-4F50-9188-07E55DCD56CB}.Debug|Any CPU.ActiveCfg = Debug|Any CPU
		{B7BD49A2-FE3C-4F50-9188-07E55DCD56CB}.Debug|Any CPU.Build.0 = Debug|Any CPU
		{B7BD49A2-FE3C-4F50-9188-07E55DCD56CB}.Release|Any CPU.ActiveCfg = Release|Any CPU
		{B7BD49A2-FE3C-4F50-9188-07E55DCD56CB}.Release|Any CPU.Build.0 = Release|Any CPU
		{F82E7B00-C75E-4E2A-AC17-6F1B4A547F25}.Debug|Any CPU.ActiveCfg = Debug|Any CPU
		{F82E7B00-C75E-4E2A-AC17-6F1B4A547F25}.Debug|Any CPU.Build.0 = Debug|Any CPU
		{F82E7B00-C75E-4E2A-AC17-6F1B4A547F25}.Release|Any CPU.ActiveCfg = Release|Any CPU
		{F82E7B00-C75E-4E2A-AC17-6F1B4A547F25}.Release|Any CPU.Build.0 = Release|Any CPU
		{4D6D7934-A3CD-4A5E-99EC-F6278FCC64B2}.Debug|Any CPU.ActiveCfg = Debug|Any CPU
		{4D6D7934-A3CD-4A5E-99EC-F6278FCC64B2}.Debug|Any CPU.Build.0 = Debug|Any CPU
		{4D6D7934-A3CD-4A5E-99EC-F6278FCC64B2}.Release|Any CPU.ActiveCfg = Release|Any CPU
		{4D6D7934-A3CD-4A5E-99EC-F6278FCC64B2}.Release|Any CPU.Build.0 = Release|Any CPU
		{9529E81E-D519-49F6-98E8-660B7D119E1C}.Debug|Any CPU.ActiveCfg = Debug|Any CPU
		{9529E81E-D519-49F6-98E8-660B7D119E1C}.Debug|Any CPU.Build.0 = Debug|Any CPU
		{9529E81E-D519-49F6-98E8-660B7D119E1C}.Release|Any CPU.ActiveCfg = Release|Any CPU
		{9529E81E-D519-49F6-98E8-660B7D119E1C}.Release|Any CPU.Build.0 = Release|Any CPU
		{49B0933F-3C75-4906-BAF9-BB610C711D0A}.Debug|Any CPU.ActiveCfg = Debug|Any CPU
		{49B0933F-3C75-4906-BAF9-BB610C711D0A}.Debug|Any CPU.Build.0 = Debug|Any CPU
		{49B0933F-3C75-4906-BAF9-BB610C711D0A}.Release|Any CPU.ActiveCfg = Release|Any CPU
		{49B0933F-3C75-4906-BAF9-BB610C711D0A}.Release|Any CPU.Build.0 = Release|Any CPU
	EndGlobalSection
	GlobalSection(SolutionProperties) = preSolution
		HideSolutionNode = FALSE
	EndGlobalSection
EndGlobal
